
Microsoft Visual Studio Solution File, Format Version 12.00
# Visual Studio 15
VisualStudioVersion = 15.0.28307.421
MinimumVisualStudioVersion = 10.0.40219.1
Project("{FAE04EC0-301F-11D3-BF4B-00C04F79EFBC}") = "Ex04.Menus.Interfaces", "Ex04.Menus.Interfaces\Ex04.Menus.Interfaces.csproj", "{3F7658A4-C170-45E1-83D6-5EB37E1FADA8}"
EndProject
Project("{FAE04EC0-301F-11D3-BF4B-00C04F79EFBC}") = "Ex04.Menus.Delegates", "Ex04.Menus.Delegates\Ex04.Menus.Delegates.csproj", "{0D5D31B1-7ED2-435B-80B2-9FBCAC0F7F72}"
EndProject
Project("{FAE04EC0-301F-11D3-BF4B-00C04F79EFBC}") = "Ex04.Menus.Test", "Ex04.Menus.Test\Ex04.Menus.Test.csproj", "{DDFF73AC-59B0-46F2-8D74-2CCBBB2E3792}"
EndProject
Global
	GlobalSection(SolutionConfigurationPlatforms) = preSolution
		Debug|Any CPU = Debug|Any CPU
		Release|Any CPU = Release|Any CPU
	EndGlobalSection
	GlobalSection(ProjectConfigurationPlatforms) = postSolution
		{3F7658A4-C170-45E1-83D6-5EB37E1FADA8}.Debug|Any CPU.ActiveCfg = Debug|Any CPU
		{3F7658A4-C170-45E1-83D6-5EB37E1FADA8}.Debug|Any CPU.Build.0 = Debug|Any CPU
		{3F7658A4-C170-45E1-83D6-5EB37E1FADA8}.Release|Any CPU.ActiveCfg = Release|Any CPU
		{3F7658A4-C170-45E1-83D6-5EB37E1FADA8}.Release|Any CPU.Build.0 = Release|Any CPU
		{0D5D31B1-7ED2-435B-80B2-9FBCAC0F7F72}.Debug|Any CPU.ActiveCfg = Debug|Any CPU
		{0D5D31B1-7ED2-435B-80B2-9FBCAC0F7F72}.Debug|Any CPU.Build.0 = Debug|Any CPU
		{0D5D31B1-7ED2-435B-80B2-9FBCAC0F7F72}.Release|Any CPU.ActiveCfg = Release|Any CPU
		{0D5D31B1-7ED2-435B-80B2-9FBCAC0F7F72}.Release|Any CPU.Build.0 = Release|Any CPU
		{DDFF73AC-59B0-46F2-8D74-2CCBBB2E3792}.Debug|Any CPU.ActiveCfg = Debug|Any CPU
		{DDFF73AC-59B0-46F2-8D74-2CCBBB2E3792}.Debug|Any CPU.Build.0 = Debug|Any CPU
		{DDFF73AC-59B0-46F2-8D74-2CCBBB2E3792}.Release|Any CPU.ActiveCfg = Release|Any CPU
		{DDFF73AC-59B0-46F2-8D74-2CCBBB2E3792}.Release|Any CPU.Build.0 = Release|Any CPU
	EndGlobalSection
	GlobalSection(SolutionProperties) = preSolution
		HideSolutionNode = FALSE
	EndGlobalSection
	GlobalSection(ExtensibilityGlobals) = postSolution
		SolutionGuid = {A220DDF1-C6D0-45B8-8B80-C3AF6C603B55}
	EndGlobalSection
EndGlobal
